
Microsoft Visual Studio Solution File, Format Version 12.00
# Visual Studio 15
VisualStudioVersion = 15.0.27004.2002
MinimumVisualStudioVersion = 10.0.40219.1
Project("{FAE04EC0-301F-11D3-BF4B-00C04F79EFBC}") = "sqlite example", "sqlite example\sqlite example.csproj", "{204576E7-5E81-4FCC-A9C6-C16AD09F0C9F}"
EndProject
Global
	GlobalSection(SolutionConfigurationPlatforms) = preSolution
		Debug|Any CPU = Debug|Any CPU
		Release|Any CPU = Release|Any CPU
	EndGlobalSection
	GlobalSection(ProjectConfigurationPlatforms) = postSolution
		{204576E7-5E81-4FCC-A9C6-C16AD09F0C9F}.Debug|Any CPU.ActiveCfg = Debug|Any CPU
		{204576E7-5E81-4FCC-A9C6-C16AD09F0C9F}.Debug|Any CPU.Build.0 = Debug|Any CPU
		{204576E7-5E81-4FCC-A9C6-C16AD09F0C9F}.Release|Any CPU.ActiveCfg = Release|Any CPU
		{204576E7-5E81-4FCC-A9C6-C16AD09F0C9F}.Release|Any CPU.Build.0 = Release|Any CPU
	EndGlobalSection
	GlobalSection(SolutionProperties) = preSolution
		HideSolutionNode = FALSE
	EndGlobalSection
	GlobalSection(ExtensibilityGlobals) = postSolution
		SolutionGuid = {951472E2-AA0D-44FA-BEB5-6ADCAAF95336}
	EndGlobalSection
EndGlobal
